schema: '2.0'
stages:
  data_ingestion:
    cmd: python src/data/data_ingestion.py
    deps:
    - path: src/data/data_ingestion.py
      hash: md5
      md5: 18f0036539155187422943af3c9b3aa8
      size: 3741
    params:
      params.yaml:
        data_ingestion.test_size: 0.25
    outs:
    - path: data/raw
      hash: md5
      md5: d487d02bd8ce986fe1b84482d7144766.dir
      size: 6919701
      nfiles: 2
  data_preprocessing:
    cmd: python src/data/data_preprocessing.py
    deps:
    - path: data/raw/test.csv
      hash: md5
      md5: b6577bcaacc7979b7178bf71bbbda760
      size: 1759148
    - path: data/raw/train.csv
      hash: md5
      md5: 511d184f92e370d0734d4cca3ce0335c
      size: 5160553
    - path: src/data/data_preprocessing.py
      hash: md5
      md5: 3c7f964302aaa2adf149b26f0e00447a
      size: 3702
    outs:
    - path: data/interim
      hash: md5
      md5: 007110958e65e74cdb9449a8c0aa3f42.dir
      size: 5132728
      nfiles: 2
  model_building:
    cmd: python src/model/model_building.py
    deps:
    - path: data/interim/train_processed.csv
      hash: md5
      md5: 0693e20d36bcf29ce7434c14241b6a1a
      size: 3823239
    - path: src/model/model_building.py
      hash: md5
      md5: 3df6d1ac6c6e22ff9f19df8dbe39bc65
      size: 5662
    params:
      params.yaml:
        model_building.learning_rate: 0.08
        model_building.max_depth: 20
        model_building.max_features: 10000
        model_building.n_estimators: 367
        model_building.ngram_range:
        - 1
        - 3
    outs:
    - path: lgbm_model.pkl
      hash: md5
      md5: a4a3adbf744d0669dd24dd9a11c504fa
      size: 4098169
    - path: tfidf_vectorizer.pkl
      hash: md5
      md5: bbb57e192fabc8dbe05fbd462e452b54
      size: 17336946
  model_evaluation:
    cmd: python src/model/model_evaluation.py
    deps:
    - path: data/interim/test_processed.csv
      hash: md5
      md5: daa454bf2fbb3f5393cb6c6c32413a20
      size: 1309489
    - path: data/interim/train_processed.csv
      hash: md5
      md5: 0693e20d36bcf29ce7434c14241b6a1a
      size: 3823239
    - path: lgbm_model.pkl
      hash: md5
      md5: a4a3adbf744d0669dd24dd9a11c504fa
      size: 4098169
    - path: src/model/model_evaluation.py
      hash: md5
      md5: 541e0772cc36d1df82c5058ee5d07bbf
      size: 7285
    - path: tfidf_vectorizer.pkl
      hash: md5
      md5: bbb57e192fabc8dbe05fbd462e452b54
      size: 17336946
    outs:
    - path: experiment_info.json
      hash: md5
      md5: 955c35a8f0895787553d65d4414e3028
      size: 87
  model_registration:
    cmd: python src/model/register_model.py
    deps:
    - path: experiment_info.json
      hash: md5
      md5: 955c35a8f0895787553d65d4414e3028
      size: 87
    - path: src/model/register_model.py
      hash: md5
      md5: e395307d7c8805ea981b92712f59d0c1
      size: 2441
