schema: '2.0'
stages:
  data_ingestion:
    cmd: python src/data/data_ingestion.py
    deps:
    - path: src/data/data_ingestion.py
      hash: md5
      md5: 18f0036539155187422943af3c9b3aa8
      size: 3741
    params:
      params.yaml:
        data_ingestion.test_size: 0.2
    outs:
    - path: data/raw
      hash: md5
      md5: 37273edef5ffe0942997d47395c41308.dir
      size: 6919701
      nfiles: 2
  data_preprocessing:
    cmd: python src/data/data_preprocessing.py
    deps:
    - path: data/raw/test.csv
      hash: md5
      md5: 01a6659f32f034fde363966f61862ef5
      size: 1397850
    - path: data/raw/train.csv
      hash: md5
      md5: 11f8359c852d0a64f57e64ed41c1600e
      size: 5521851
    - path: src/data/data_preprocessing.py
      hash: md5
      md5: 3c7f964302aaa2adf149b26f0e00447a
      size: 3702
    outs:
    - path: data/interim
      hash: md5
      md5: 747618da4ce3861471f35e4e0d607266.dir
      size: 5132728
      nfiles: 2
  model_building:
    cmd: python src/model/model_building.py
    deps:
    - path: data/interim/train_processed.csv
      hash: md5
      md5: 01de042d8280ece0eecc03f121b7303c
      size: 4090647
    - path: src/model/model_building.py
      hash: md5
      md5: 3df6d1ac6c6e22ff9f19df8dbe39bc65
      size: 5662
    params:
      params.yaml:
        model_building.learning_rate: 0.08
        model_building.max_depth: 20
        model_building.max_features: 10000
        model_building.n_estimators: 367
        model_building.ngram_range:
        - 1
        - 3
    outs:
    - path: lgbm_model.pkl
      hash: md5
      md5: c333543a7f7ea27be730131a10101fe0
      size: 4109780
    - path: tfidf_vectorizer.pkl
      hash: md5
      md5: 04ba97b46fea0c49906f8832453cc2d7
      size: 18446586
  model_evaluation:
    cmd: python src/model/model_evaluation.py
    deps:
    - path: data/interim/test_processed.csv
      hash: md5
      md5: 70acd0210d49e5fb0ee2847bac6f11d9
      size: 1042081
    - path: data/interim/train_processed.csv
      hash: md5
      md5: 01de042d8280ece0eecc03f121b7303c
      size: 4090647
    - path: lgbm_model.pkl
      hash: md5
      md5: c333543a7f7ea27be730131a10101fe0
      size: 4109780
    - path: src/model/model_evaluation.py
      hash: md5
      md5: 541e0772cc36d1df82c5058ee5d07bbf
      size: 7285
    - path: tfidf_vectorizer.pkl
      hash: md5
      md5: 04ba97b46fea0c49906f8832453cc2d7
      size: 18446586
    outs:
    - path: experiment_info.json
      hash: md5
      md5: 6c383cc9c81766f04e2e813a0be71891
      size: 87
